# This file is automatically @generated by Cargo.
# It is not intended for manual editing.
version = 3

[[package]]
name = "aho-corasick"
version = "1.0.5"
source = "registry+https://github.com/rust-lang/crates.io-index"
checksum = "0c378d78423fdad8089616f827526ee33c19f2fddbd5de1629152c9593ba4783"
dependencies = [
 "memchr",
]

[[package]]
name = "anyhow"
version = "1.0.69"
source = "registry+https://github.com/rust-lang/crates.io-index"
checksum = "224afbd727c3d6e4b90103ece64b8d1b67fbb1973b1046c2281eed3f3803f800"

[[package]]
name = "bstr"
version = "1.6.2"
source = "registry+https://github.com/rust-lang/crates.io-index"
checksum = "4c2f7349907b712260e64b0afe2f84692af14a454be26187d9df565c7f69266a"
dependencies = [
 "memchr",
 "serde",
]

[[package]]
name = "lexopt"
version = "0.3.0"
source = "registry+https://github.com/rust-lang/crates.io-index"
checksum = "baff4b617f7df3d896f97fe922b64817f6cd9a756bb81d40f8883f2f66dcb401"

[[package]]
name = "main"
version = "1.0.5"
dependencies = [
 "aho-corasick",
 "anyhow",
 "lexopt",
 "shared",
]

[[package]]
name = "memchr"
version = "2.6.3"
source = "registry+https://github.com/rust-lang/crates.io-index"
checksum = "8f232d6ef707e1956a43342693d2a31e72989554d58299d7a88738cc95b0d35c"

[[package]]
name = "serde"
version = "1.0.152"
source = "registry+https://github.com/rust-lang/crates.io-index"
checksum = "bb7d1f0d3021d347a83e556fc4683dea2ea09d87bccdf88ff5c12545d89d5efb"

[[package]]
name = "shared"
version = "0.1.0"
dependencies = [
 "anyhow",
 "bstr",
]
